
Microsoft Visual Studio Solution File, Format Version 12.00
# Visual Studio Version 17
VisualStudioVersion = 17.11.35312.102
MinimumVisualStudioVersion = 10.0.40219.1
Project("{2150E333-8FDC-42A3-9474-1A3956D46DE8}") = "Services", "Services", "{A6EFEFD3-2A88-4B51-A0EE-592EE92E4059}"
EndProject
Project("{2150E333-8FDC-42A3-9474-1A3956D46DE8}") = "Catalog", "Catalog", "{2315F958-1260-419A-8828-E7EDCC2DBF6D}"
EndProject
Project("{9A19103F-16F7-4668-BE54-9A1E7A4F7556}") = "Catalog.API", "Services\Catalog\Catalog.API\Catalog.API.csproj", "{93A55D67-70A7-4486-AA2A-C7D3962795F7}"
EndProject
Project("{2150E333-8FDC-42A3-9474-1A3956D46DE8}") = "BuildingBlocks", "BuildingBlocks", "{E8242DAE-8A36-4F4B-8FC0-B41C6775916C}"
EndProject
Project("{9A19103F-16F7-4668-BE54-9A1E7A4F7556}") = "BuildingBlocks", "BuildingBlocks\BuildingBlocks\BuildingBlocks.csproj", "{B59D9F31-4D91-4336-B304-1FD07737CA5D}"
EndProject
Project("{E53339B2-1760-4266-BCC7-CA923CBCF16C}") = "docker-compose", "docker-compose.dcproj", "{D7680786-FC71-4B64-B962-81034FBF3BA1}"
EndProject
Project("{2150E333-8FDC-42A3-9474-1A3956D46DE8}") = "Basket", "Basket", "{4DD9EF84-3271-4FDD-833A-E29E9CD4DDFA}"
EndProject
Project("{9A19103F-16F7-4668-BE54-9A1E7A4F7556}") = "Basket.API", "Services\Basket\Basket.API\Basket.API.csproj", "{849CFB72-7F1D-4292-A432-F644E91A471A}"
EndProject
Project("{2150E333-8FDC-42A3-9474-1A3956D46DE8}") = "Discount", "Discount", "{F24CE03D-6CAC-494C-983B-7481A59EFBCF}"
EndProject
Project("{9A19103F-16F7-4668-BE54-9A1E7A4F7556}") = "Discount.Grpc", "Services\Discount\Discount.Grpc\Discount.Grpc.csproj", "{3E8F586F-BE36-42A0-8F26-BB217DDB8D91}"
EndProject
Project("{2150E333-8FDC-42A3-9474-1A3956D46DE8}") = "Ordering", "Ordering", "{3F67B642-8CAD-4442-8FE6-CC0528A84DA1}"
EndProject
Project("{9A19103F-16F7-4668-BE54-9A1E7A4F7556}") = "Ordering.API", "Services\Ordering\Ordering.API\Ordering.API.csproj", "{642934C9-CCD2-43CA-82CB-CAE0252A6790}"
EndProject
Project("{9A19103F-16F7-4668-BE54-9A1E7A4F7556}") = "Ordering.Domain", "Services\Ordering\Ordering.Domain\Ordering.Domain.csproj", "{67F65C66-1233-48D0-9820-B0D64A7C7145}"
EndProject
Project("{9A19103F-16F7-4668-BE54-9A1E7A4F7556}") = "Ordering.Application", "Services\Ordering\Ordering.Application\Ordering.Application.csproj", "{49127F3D-7EE0-4588-80DE-C8BDA8437F40}"
EndProject
Project("{9A19103F-16F7-4668-BE54-9A1E7A4F7556}") = "Ordering.Infrastructure", "Services\Ordering\Ordering.Infrastructure\Ordering.Infrastructure.csproj", "{BFD55540-097D-477C-BDDC-90C9B1663382}"
EndProject
Project("{FAE04EC0-301F-11D3-BF4B-00C04F79EFBC}") = "BuildingBlocks.Messaging", "BuildingBlocks\BuildingBlocks.Messaging\BuildingBlocks.Messaging.csproj", "{0D38F353-5EE8-4B13-B49A-F138A9D35F7D}"
EndProject
Global
	GlobalSection(SolutionConfigurationPlatforms) = preSolution
		Debug|Any CPU = Debug|Any CPU
		Release|Any CPU = Release|Any CPU
	EndGlobalSection
	GlobalSection(ProjectConfigurationPlatforms) = postSolution
		{93A55D67-70A7-4486-AA2A-C7D3962795F7}.Debug|Any CPU.ActiveCfg = Debug|Any CPU
		{93A55D67-70A7-4486-AA2A-C7D3962795F7}.Debug|Any CPU.Build.0 = Debug|Any CPU
		{93A55D67-70A7-4486-AA2A-C7D3962795F7}.Release|Any CPU.ActiveCfg = Release|Any CPU
		{93A55D67-70A7-4486-AA2A-C7D3962795F7}.Release|Any CPU.Build.0 = Release|Any CPU
		{B59D9F31-4D91-4336-B304-1FD07737CA5D}.Debug|Any CPU.ActiveCfg = Debug|Any CPU
		{B59D9F31-4D91-4336-B304-1FD07737CA5D}.Debug|Any CPU.Build.0 = Debug|Any CPU
		{B59D9F31-4D91-4336-B304-1FD07737CA5D}.Release|Any CPU.ActiveCfg = Release|Any CPU
		{B59D9F31-4D91-4336-B304-1FD07737CA5D}.Release|Any CPU.Build.0 = Release|Any CPU
		{D7680786-FC71-4B64-B962-81034FBF3BA1}.Debug|Any CPU.ActiveCfg = Debug|Any CPU
		{D7680786-FC71-4B64-B962-81034FBF3BA1}.Debug|Any CPU.Build.0 = Debug|Any CPU
		{D7680786-FC71-4B64-B962-81034FBF3BA1}.Release|Any CPU.ActiveCfg = Release|Any CPU
		{D7680786-FC71-4B64-B962-81034FBF3BA1}.Release|Any CPU.Build.0 = Release|Any CPU
		{849CFB72-7F1D-4292-A432-F644E91A471A}.Debug|Any CPU.ActiveCfg = Debug|Any CPU
		{849CFB72-7F1D-4292-A432-F644E91A471A}.Debug|Any CPU.Build.0 = Debug|Any CPU
		{849CFB72-7F1D-4292-A432-F644E91A471A}.Release|Any CPU.ActiveCfg = Release|Any CPU
		{849CFB72-7F1D-4292-A432-F644E91A471A}.Release|Any CPU.Build.0 = Release|Any CPU
		{3E8F586F-BE36-42A0-8F26-BB217DDB8D91}.Debug|Any CPU.ActiveCfg = Debug|Any CPU
		{3E8F586F-BE36-42A0-8F26-BB217DDB8D91}.Debug|Any CPU.Build.0 = Debug|Any CPU
		{3E8F586F-BE36-42A0-8F26-BB217DDB8D91}.Release|Any CPU.ActiveCfg = Release|Any CPU
		{3E8F586F-BE36-42A0-8F26-BB217DDB8D91}.Release|Any CPU.Build.0 = Release|Any CPU
		{642934C9-CCD2-43CA-82CB-CAE0252A6790}.Debug|Any CPU.ActiveCfg = Debug|Any CPU
		{642934C9-CCD2-43CA-82CB-CAE0252A6790}.Debug|Any CPU.Build.0 = Debug|Any CPU
		{642934C9-CCD2-43CA-82CB-CAE0252A6790}.Release|Any CPU.ActiveCfg = Release|Any CPU
		{642934C9-CCD2-43CA-82CB-CAE0252A6790}.Release|Any CPU.Build.0 = Release|Any CPU
		{67F65C66-1233-48D0-9820-B0D64A7C7145}.Debug|Any CPU.ActiveCfg = Debug|Any CPU
		{67F65C66-1233-48D0-9820-B0D64A7C7145}.Debug|Any CPU.Build.0 = Debug|Any CPU
		{67F65C66-1233-48D0-9820-B0D64A7C7145}.Release|Any CPU.ActiveCfg = Release|Any CPU
		{67F65C66-1233-48D0-9820-B0D64A7C7145}.Release|Any CPU.Build.0 = Release|Any CPU
		{49127F3D-7EE0-4588-80DE-C8BDA8437F40}.Debug|Any CPU.ActiveCfg = Debug|Any CPU
		{49127F3D-7EE0-4588-80DE-C8BDA8437F40}.Debug|Any CPU.Build.0 = Debug|Any CPU
		{49127F3D-7EE0-4588-80DE-C8BDA8437F40}.Release|Any CPU.ActiveCfg = Release|Any CPU
		{49127F3D-7EE0-4588-80DE-C8BDA8437F40}.Release|Any CPU.Build.0 = Release|Any CPU
		{BFD55540-097D-477C-BDDC-90C9B1663382}.Debug|Any CPU.ActiveCfg = Debug|Any CPU
		{BFD55540-097D-477C-BDDC-90C9B1663382}.Debug|Any CPU.Build.0 = Debug|Any CPU
		{BFD55540-097D-477C-BDDC-90C9B1663382}.Release|Any CPU.ActiveCfg = Release|Any CPU
		{BFD55540-097D-477C-BDDC-90C9B1663382}.Release|Any CPU.Build.0 = Release|Any CPU
		{0D38F353-5EE8-4B13-B49A-F138A9D35F7D}.Debug|Any CPU.ActiveCfg = Debug|Any CPU
		{0D38F353-5EE8-4B13-B49A-F138A9D35F7D}.Debug|Any CPU.Build.0 = Debug|Any CPU
		{0D38F353-5EE8-4B13-B49A-F138A9D35F7D}.Release|Any CPU.ActiveCfg = Release|Any CPU
		{0D38F353-5EE8-4B13-B49A-F138A9D35F7D}.Release|Any CPU.Build.0 = Release|Any CPU
	EndGlobalSection
	GlobalSection(SolutionProperties) = preSolution
		HideSolutionNode = FALSE
	EndGlobalSection
	GlobalSection(NestedProjects) = preSolution
		{2315F958-1260-419A-8828-E7EDCC2DBF6D} = {A6EFEFD3-2A88-4B51-A0EE-592EE92E4059}
		{93A55D67-70A7-4486-AA2A-C7D3962795F7} = {2315F958-1260-419A-8828-E7EDCC2DBF6D}
		{B59D9F31-4D91-4336-B304-1FD07737CA5D} = {E8242DAE-8A36-4F4B-8FC0-B41C6775916C}
		{4DD9EF84-3271-4FDD-833A-E29E9CD4DDFA} = {A6EFEFD3-2A88-4B51-A0EE-592EE92E4059}
		{849CFB72-7F1D-4292-A432-F644E91A471A} = {4DD9EF84-3271-4FDD-833A-E29E9CD4DDFA}
		{F24CE03D-6CAC-494C-983B-7481A59EFBCF} = {A6EFEFD3-2A88-4B51-A0EE-592EE92E4059}
		{3E8F586F-BE36-42A0-8F26-BB217DDB8D91} = {F24CE03D-6CAC-494C-983B-7481A59EFBCF}
		{3F67B642-8CAD-4442-8FE6-CC0528A84DA1} = {A6EFEFD3-2A88-4B51-A0EE-592EE92E4059}
		{642934C9-CCD2-43CA-82CB-CAE0252A6790} = {3F67B642-8CAD-4442-8FE6-CC0528A84DA1}
		{67F65C66-1233-48D0-9820-B0D64A7C7145} = {3F67B642-8CAD-4442-8FE6-CC0528A84DA1}
		{49127F3D-7EE0-4588-80DE-C8BDA8437F40} = {3F67B642-8CAD-4442-8FE6-CC0528A84DA1}
		{BFD55540-097D-477C-BDDC-90C9B1663382} = {3F67B642-8CAD-4442-8FE6-CC0528A84DA1}
		{0D38F353-5EE8-4B13-B49A-F138A9D35F7D} = {E8242DAE-8A36-4F4B-8FC0-B41C6775916C}
	EndGlobalSection
	GlobalSection(ExtensibilityGlobals) = postSolution
		SolutionGuid = {39B44EE6-242C-4F51-B40A-7245EFD6D194}
	EndGlobalSection
EndGlobal
